
Microsoft Visual Studio Solution File, Format Version 12.00
# Visual Studio Version 17
VisualStudioVersion = 17.11.35327.3
MinimumVisualStudioVersion = 10.0.40219.1
Project("{FAE04EC0-301F-11D3-BF4B-00C04F79EFBC}") = "01_MainSubjects", "01_MainSubjects\01_MainSubjects.csproj", "{BA7BA363-D095-4783-A036-D51E02892CF6}"
EndProject
Project("{FAE04EC0-301F-11D3-BF4B-00C04F79EFBC}") = "02_Variables", "02_Variables\02_Variables.csproj", "{233062EB-D950-46A8-9A4A-EC36CC9CF804}"
EndProject
Global
	GlobalSection(SolutionConfigurationPlatforms) = preSolution
		Debug|Any CPU = Debug|Any CPU
		Release|Any CPU = Release|Any CPU
	EndGlobalSection
	GlobalSection(ProjectConfigurationPlatforms) = postSolution
		{BA7BA363-D095-4783-A036-D51E02892CF6}.Debug|Any CPU.ActiveCfg = Debug|Any CPU
		{BA7BA363-D095-4783-A036-D51E02892CF6}.Debug|Any CPU.Build.0 = Debug|Any CPU
		{BA7BA363-D095-4783-A036-D51E02892CF6}.Release|Any CPU.ActiveCfg = Release|Any CPU
		{BA7BA363-D095-4783-A036-D51E02892CF6}.Release|Any CPU.Build.0 = Release|Any CPU
		{233062EB-D950-46A8-9A4A-EC36CC9CF804}.Debug|Any CPU.ActiveCfg = Debug|Any CPU
		{233062EB-D950-46A8-9A4A-EC36CC9CF804}.Debug|Any CPU.Build.0 = Debug|Any CPU
		{233062EB-D950-46A8-9A4A-EC36CC9CF804}.Release|Any CPU.ActiveCfg = Release|Any CPU
		{233062EB-D950-46A8-9A4A-EC36CC9CF804}.Release|Any CPU.Build.0 = Release|Any CPU
	EndGlobalSection
	GlobalSection(SolutionProperties) = preSolution
		HideSolutionNode = FALSE
	EndGlobalSection
	GlobalSection(ExtensibilityGlobals) = postSolution
		SolutionGuid = {C20FC00F-25DF-49AB-9793-E568CDA4A69D}
	EndGlobalSection
EndGlobal
